PODS:
  - CryptoSwift (1.8.4)
  - DifferenceKit (1.3.0):
    - DifferenceKit/Core (= 1.3.0)
    - DifferenceKit/UIKitExtension (= 1.3.0)
  - DifferenceKit/Core (1.3.0)
  - DifferenceKit/UIKitExtension (1.3.0):
    - DifferenceKit/Core
  - DKImagePickerController/Core (4.3.9):
    - DKImagePickerController/ImageDataManager
    - DKImagePickerController/Resource
  - DKImagePickerController/ImageDataManager (4.3.9)
  - DKImagePickerController/PhotoGallery (4.3.9):
    - DKImagePickerController/Core
    - DKPhotoGallery
  - DKImagePickerController/Resource (4.3.9)
  - DKPhotoGallery (0.0.19):
    - DKPhotoGallery/Core (= 0.0.19)
    - DKPhotoGallery/Model (= 0.0.19)
    - DKPhotoGallery/Preview (= 0.0.19)
    - DKPhotoGallery/Resource (= 0.0.19)
    - SDWebImage
    - SwiftyGif
  - DKPhotoGallery/Core (0.0.19):
    - DKPhotoGallery/Model
    - DKPhotoGallery/Preview
    - SDWebImage
    - SwiftyGif
  - DKPhotoGallery/Model (0.0.19):
    - SDWebImage
    - SwiftyGif
  - DKPhotoGallery/Preview (0.0.19):
    - DKPhotoGallery/Model
    - DKPhotoGallery/Resource
    - SDWebImage
    - SwiftyGif
  - DKPhotoGallery/Resource (0.0.19):
    - SDWebImage
    - SwiftyGif
  - file_picker (0.0.1):
    - DKImagePickerController/PhotoGallery
    - Flutter
  - Flutter (1.0.0)
  - flutter_readium (0.0.1):
    - Flutter
    - PromiseKit (~> 8.1)
    - ReadiumAdapterGCDWebServer (~> 3.7.0)
    - ReadiumNavigator (~> 3.7.0)
    - ReadiumOPDS (~> 3.7.0)
    - ReadiumShared (~> 3.7.0)
    - ReadiumStreamer (~> 3.7.0)
  - integration_test (0.0.1):
    - Flutter
  - Minizip (1.0.0)
  - package_info_plus (0.4.5):
    - Flutter
  - path_provider_foundation (0.0.1):
    - Flutter
    - FlutterMacOS
  - pointer_interceptor_ios (0.0.1):
    - Flutter
  - PromiseKit (8.2.0):
    - PromiseKit/CorePromise (= 8.2.0)
    - PromiseKit/Foundation (= 8.2.0)
    - PromiseKit/UIKit (= 8.2.0)
  - PromiseKit/CorePromise (8.2.0)
  - PromiseKit/Foundation (8.2.0):
    - PromiseKit/CorePromise
  - PromiseKit/UIKit (8.2.0):
    - PromiseKit/CorePromise
  - ReadiumAdapterGCDWebServer (3.7.0):
    - ReadiumGCDWebServer (~> 4.0.0)
    - ReadiumInternal (~> 3.7.0)
    - ReadiumShared (~> 3.7.0)
  - ReadiumFuzi (4.0.0)
  - ReadiumGCDWebServer (4.0.1):
    - ReadiumGCDWebServer/Core (= 4.0.1)
  - ReadiumGCDWebServer/Core (4.0.1)
  - ReadiumInternal (3.7.0)
  - ReadiumNavigator (3.7.0):
    - DifferenceKit (~> 1.0)
    - ReadiumInternal (~> 3.7.0)
    - ReadiumShared (~> 3.7.0)
    - SwiftSoup (~> 2.7.0)
  - ReadiumOPDS (3.7.0):
    - ReadiumFuzi (~> 4.0.0)
    - ReadiumInternal (~> 3.7.0)
    - ReadiumShared (~> 3.7.0)
  - ReadiumShared (3.7.0):
    - Minizip (~> 1.0.0)
    - ReadiumFuzi (~> 4.0.0)
    - ReadiumInternal (~> 3.7.0)
    - ReadiumZIPFoundation (~> 3.0.1)
    - SwiftSoup (~> 2.7.0)
  - ReadiumStreamer (3.7.0):
    - CryptoSwift (~> 1.8.0)
    - ReadiumFuzi (~> 4.0.0)
    - ReadiumInternal (~> 3.7.0)
    - ReadiumShared (~> 3.7.0)
  - ReadiumZIPFoundation (3.0.1)
  - SDWebImage (5.21.7):
    - SDWebImage/Core (= 5.21.7)
  - SDWebImage/Core (5.21.7)
  - SwiftSoup (2.7.6)
  - SwiftyGif (5.4.5)
  - wakelock_plus (0.0.1):
    - Flutter

DEPENDENCIES:
  - file_picker (from `.symlinks/plugins/file_picker/ios`)
  - Flutter (from `Flutter`)
  - flutter_readium (from `.symlinks/plugins/flutter_readium/ios`)
  - integration_test (from `.symlinks/plugins/integration_test/ios`)
  - package_info_plus (from `.symlinks/plugins/package_info_plus/ios`)
  - path_provider_foundation (from `.symlinks/plugins/path_provider_foundation/darwin`)
  - pointer_interceptor_ios (from `.symlinks/plugins/pointer_interceptor_ios/ios`)
  - PromiseKit (~> 8.1)
  - ReadiumAdapterGCDWebServer (from `https://raw.githubusercontent.com/readium/swift-toolkit/3.7.0/Support/CocoaPods/ReadiumAdapterGCDWebServer.podspec`)
  - ReadiumInternal (from `https://raw.githubusercontent.com/readium/swift-toolkit/3.7.0/Support/CocoaPods/ReadiumInternal.podspec`)
  - ReadiumNavigator (from `https://raw.githubusercontent.com/readium/swift-toolkit/3.7.0/Support/CocoaPods/ReadiumNavigator.podspec`)
  - ReadiumOPDS (from `https://raw.githubusercontent.com/readium/swift-toolkit/3.7.0/Support/CocoaPods/ReadiumOPDS.podspec`)
  - ReadiumShared (from `https://raw.githubusercontent.com/readium/swift-toolkit/3.7.0/Support/CocoaPods/ReadiumShared.podspec`)
  - ReadiumStreamer (from `https://raw.githubusercontent.com/readium/swift-toolkit/3.7.0/Support/CocoaPods/ReadiumStreamer.podspec`)
  - ReadiumZIPFoundation (from `https://raw.githubusercontent.com/readium/podspecs/refs/heads/main/ReadiumZIPFoundation/3.0.1/ReadiumZIPFoundation.podspec`)
  - wakelock_plus (from `.symlinks/plugins/wakelock_plus/ios`)

SPEC REPOS:
  trunk:
    - CryptoSwift
    - DifferenceKit
    - DKImagePickerController
    - DKPhotoGallery
    - Minizip
    - PromiseKit
    - ReadiumFuzi
    - ReadiumGCDWebServer
    - SDWebImage
    - SwiftSoup
    - SwiftyGif

EXTERNAL SOURCES:
  file_picker:
    :path: ".symlinks/plugins/file_picker/ios"
  Flutter:
    :path: Flutter
  flutter_readium:
    :path: ".symlinks/plugins/flutter_readium/ios"
  integration_test:
    :path: ".symlinks/plugins/integration_test/ios"
  package_info_plus:
    :path: ".symlinks/plugins/package_info_plus/ios"
  path_provider_foundation:
    :path: ".symlinks/plugins/path_provider_foundation/darwin"
  pointer_interceptor_ios:
    :path: ".symlinks/plugins/pointer_interceptor_ios/ios"
  ReadiumAdapterGCDWebServer:
    :podspec: https://raw.githubusercontent.com/readium/swift-toolkit/3.7.0/Support/CocoaPods/ReadiumAdapterGCDWebServer.podspec
  ReadiumInternal:
    :podspec: https://raw.githubusercontent.com/readium/swift-toolkit/3.7.0/Support/CocoaPods/ReadiumInternal.podspec
  ReadiumNavigator:
    :podspec: https://raw.githubusercontent.com/readium/swift-toolkit/3.7.0/Support/CocoaPods/ReadiumNavigator.podspec
  ReadiumOPDS:
    :podspec: https://raw.githubusercontent.com/readium/swift-toolkit/3.7.0/Support/CocoaPods/ReadiumOPDS.podspec
  ReadiumShared:
    :podspec: https://raw.githubusercontent.com/readium/swift-toolkit/3.7.0/Support/CocoaPods/ReadiumShared.podspec
  ReadiumStreamer:
    :podspec: https://raw.githubusercontent.com/readium/swift-toolkit/3.7.0/Support/CocoaPods/ReadiumStreamer.podspec
  ReadiumZIPFoundation:
    :podspec: https://raw.githubusercontent.com/readium/podspecs/refs/heads/main/ReadiumZIPFoundation/3.0.1/ReadiumZIPFoundation.podspec
  wakelock_plus:
    :path: ".symlinks/plugins/wakelock_plus/ios"

SPEC CHECKSUMS:
  CryptoSwift: e64e11850ede528a02a0f3e768cec8e9d92ecb90
  DifferenceKit: ab185c4d7f9cef8af3fcf593e5b387fb81e999ca
  DKImagePickerController: 946cec48c7873164274ecc4624d19e3da4c1ef3c
  DKPhotoGallery: b3834fecb755ee09a593d7c9e389d8b5d6deed60
  file_picker: a0560bc09d61de87f12d246fc47d2119e6ef37be
  Flutter: cabc95a1d2626b1b06e7179b784ebcf0c0cde467
  flutter_readium: 6d28b65673332bff2f3e1521c29aca5576cabcf1
  integration_test: 4a889634ef21a45d28d50d622cf412dc6d9f586e
  Minizip: 188cb3e39a1195c283ae03bf673d182596fefd0b
  package_info_plus: af8e2ca6888548050f16fa2f1938db7b5a5df499
  path_provider_foundation: bb55f6dbba17d0dccd6737fe6f7f34fbd0376880
  pointer_interceptor_ios: da06a662d5bfd329602b45b2ab41bc0fb5fdb0f0
  PromiseKit: 74e6ab5894856b4762fef547055c809bca91d440
  ReadiumAdapterGCDWebServer: 6b7864065eabf708b8d04e6b98ad1a63fbfccf0d
  ReadiumFuzi: 888d023b862f524e314f85925c94768a501f05c0
  ReadiumGCDWebServer: 6c905689d61c416a73e0b16e9218c10bb405817c
  ReadiumInternal: 4d7c20cced402ebae299095c4bf5a05a727781e1
  ReadiumNavigator: 0c71ad763b2333feb9feeb87b0f9dfcd52fc6983
  ReadiumOPDS: 7dfbdf7245cb7587008ce3111a8cf653a871c56d
  ReadiumShared: 36f13a196487b0a3e3728bce8a4af0cf103d6c34
  ReadiumStreamer: 949d23af93331be9b7288bd0e0605229337769e0
  ReadiumZIPFoundation: 2f3e19e361f1b7751ecf37a88c754287692c12c2
  SDWebImage: e9fc87c1aab89a8ab1bbd74eba378c6f53be8abf
  SwiftSoup: 9ec2526c76ebc3fe5d3157c82b40b45a27eeb82d
  SwiftyGif: 706c60cf65fa2bc5ee0313beece843c8eb8194d4
  wakelock_plus: e29112ab3ef0b318e58cfa5c32326458be66b556

PODFILE CHECKSUM: 86ef9d40afbbc868eee451c8d385c057c507f778

COCOAPODS: 1.16.2
